
Microsoft Visual Studio Solution File, Format Version 12.00
# Visual Studio Version 17
VisualStudioVersion = 17.7.34221.43
MinimumVisualStudioVersion = 10.0.40219.1
Project("{FAE04EC0-301F-11D3-BF4B-00C04F79EFBC}") = "ApiProject", "ApiProject.csproj", "{8D429262-62C4-4F33-A1C7-6D2DB80A356B}"
EndProject
Global
	GlobalSection(SolutionConfigurationPlatforms) = preSolution
		Debug|Any CPU = Debug|Any CPU
		Release|Any CPU = Release|Any CPU
	EndGlobalSection
	GlobalSection(ProjectConfigurationPlatforms) = postSolution
		{8D429262-62C4-4F33-A1C7-6D2DB80A356B}.Debug|Any CPU.ActiveCfg = Debug|Any CPU
		{8D429262-62C4-4F33-A1C7-6D2DB80A356B}.Debug|Any CPU.Build.0 = Debug|Any CPU
		{8D429262-62C4-4F33-A1C7-6D2DB80A356B}.Release|Any CPU.ActiveCfg = Release|Any CPU
		{8D429262-62C4-4F33-A1C7-6D2DB80A356B}.Release|Any CPU.Build.0 = Release|Any CPU
	EndGlobalSection
	GlobalSection(SolutionProperties) = preSolution
		HideSolutionNode = FALSE
	EndGlobalSection
	GlobalSection(ExtensibilityGlobals) = postSolution
		SolutionGuid = {B6C6007D-1B78-4335-991B-E61220E42A34}
	EndGlobalSection
EndGlobal
